
Microsoft Visual Studio Solution File, Format Version 12.00
# Visual Studio Version 16
VisualStudioVersion = 16.0.29418.71
MinimumVisualStudioVersion = 10.0.40219.1
Project("{FAE04EC0-301F-11D3-BF4B-00C04F79EFBC}") = "EQLootManager", "EQLootManager\EQLootManager.csproj", "{30861C5A-C065-497D-91CF-EC91CA394CC2}"
EndProject
Global
	GlobalSection(SolutionConfigurationPlatforms) = preSolution
		Debug|Any CPU = Debug|Any CPU
		Release|Any CPU = Release|Any CPU
	EndGlobalSection
	GlobalSection(ProjectConfigurationPlatforms) = postSolution
		{30861C5A-C065-497D-91CF-EC91CA394CC2}.Debug|Any CPU.ActiveCfg = Debug|Any CPU
		{30861C5A-C065-497D-91CF-EC91CA394CC2}.Debug|Any CPU.Build.0 = Debug|Any CPU
		{30861C5A-C065-497D-91CF-EC91CA394CC2}.Release|Any CPU.ActiveCfg = Release|Any CPU
		{30861C5A-C065-497D-91CF-EC91CA394CC2}.Release|Any CPU.Build.0 = Release|Any CPU
	EndGlobalSection
	GlobalSection(SolutionProperties) = preSolution
		HideSolutionNode = FALSE
	EndGlobalSection
	GlobalSection(ExtensibilityGlobals) = postSolution
		SolutionGuid = {5D808496-6311-48F6-BC52-BB7691D477FE}
	EndGlobalSection
EndGlobal
